symfony v2.0.10
twig v1.6.0
monolog 1.0.2
doctrine-common 2.1.4
doctrine-dbal 2.1.6
doctrine 2.1.6
swiftmailer v4.1.5
assetic v1.0.2
twig-extensions feb6d3f10c411e2631997c0a905aa581c80305c1
metadata 1.0.0
SensioFrameworkExtraBundle 891359252711c424d5da8cac9fa1e757450a6db2
JMSSecurityExtraBundle e752f888c51425f71382c056961f10f2be642102
SensioDistributionBundle 41a6c5caed65f02bb09c95a90579f047616471fd
SensioGeneratorBundle c0118ce370f8da20e43051f2dd1ae331a202ab9c
AsseticBundle v1.0.1
DoctrineExtensions v2.2.0
DoctrineExtensionsBundle 1.0.0
FOSUserBundle 6200cecef5e1ae9c473d00220800b5cc2d09c7b1
KitpagesSimpleCacheBundle 8f0efb3e0c6507ce5125dc58d36d3848e42201a1
KitpagesRedirectBundle 55a8ce86a11287dba60903e6177840d5dde87909
KitpagesUtilBundle v1.0.0
KitpagesCmsBundle 0244cc6eb7a95a7705b232ca39d24a1bae92b997
KitpagesFileBundle v2.0.0
KitpagesCacheControlBundle 5483453e94d23260b73b265f1f3949cd08db58c0
IHQSContactBundle 090d7d403d36ca51b88bbd5d315c7305c4578192
Imagine ea555767c851236f31ee1e048b4cd51f448cab2e
KitpagesFileSystemBundle 5e06faf697cc5e78da657f5750c7776d68104c01
aws-sdk 1.5.4